// !$*UTF8*$!
{
	archiveVersion = 1;
	classes = {
	};
	objectVersion = 56;
	objects = {

/* Begin PBXBuildFile section */
		E5FCE0872B14A139002F86CB /* SplitBetterThanWiseApp.swift in Sources */ = {isa = PBXBuildFile; fileRef = E5FCE0862B14A139002F86CB /* SplitBetterThanWiseApp.swift */; };
		E5FCE0892B14A139002F86CB /* ContentView.swift in Sources */ = {isa = PBXBuildFile; fileRef = E5FCE0882B14A139002F86CB /* ContentView.swift */; };
		E5FCE08B2B14A13B002F86CB /* Assets.xcassets in Resources */ = {isa = PBXBuildFile; fileRef = E5FCE08A2B14A13B002F86CB /* Assets.xcassets */; };
		E5FCE08E2B14A13B002F86CB /* Preview Assets.xcassets in Resources */ = {isa = PBXBuildFile; fileRef = E5FCE08D2B14A13B002F86CB /* Preview Assets.xcassets */; };
		E5FCE0982B14A13B002F86CB /* SplitBetterThanWiseTests.swift in Sources */ = {isa = PBXBuildFile; fileRef = E5FCE0972B14A13B002F86CB /* SplitBetterThanWiseTests.swift */; };
		E5FCE0A22B14A13B002F86CB /* SplitBetterThanWiseUITests.swift in Sources */ = {isa = PBXBuildFile; fileRef = E5FCE0A12B14A13B002F86CB /* SplitBetterThanWiseUITests.swift */; };
		E5FCE0A42B14A13B002F86CB /* SplitBetterThanWiseUITestsLaunchTests.swift in Sources */ = {isa = PBXBuildFile; fileRef = E5FCE0A32B14A13B002F86CB /* SplitBetterThanWiseUITestsLaunchTests.swift */; };
/* End PBXBuildFile section */

/* Begin PBXContainerItemProxy section */
		E5FCE0942B14A13B002F86CB /* PBXContainerItemProxy */ = {
			isa = PBXContainerItemProxy;
			containerPortal = E5FCE07B2B14A139002F86CB /* Project object */;
			proxyType = 1;
			remoteGlobalIDString = E5FCE0822B14A139002F86CB;
			remoteInfo = SplitBetterThanWise;
		};
		E5FCE09E2B14A13B002F86CB /* PBXContainerItemProxy */ = {
			isa = PBXContainerItemProxy;
			containerPortal = E5FCE07B2B14A139002F86CB /* Project object */;
			proxyType = 1;
			remoteGlobalIDString = E5FCE0822B14A139002F86CB;
			remoteInfo = SplitBetterThanWise;
		};
/* End PBXContainerItemProxy section */

/* Begin PBXFileReference section */
		E5FCE0832B14A139002F86CB /* SplitBetterThanWise.app */ = {isa = PBXFileReference; explicitFileType = wrapper.application; includeInIndex = 0; path = SplitBetterThanWise.app; sourceTree = BUILT_PRODUCTS_DIR; };
		E5FCE0862B14A139002F86CB /* SplitBetterThanWiseApp.swift */ = {isa = PBXFileReference; lastKnownFileType = sourcecode.swift; path = SplitBetterThanWiseApp.swift; sourceTree = "<group>"; };
		E5FCE0882B14A139002F86CB /* ContentView.swift */ = {isa = PBXFileReference; lastKnownFileType = sourcecode.swift; path = ContentView.swift; sourceTree = "<group>"; };
		E5FCE08A2B14A13B002F86CB /* Assets.xcassets */ = {isa = PBXFileReference; lastKnownFileType = folder.assetcatalog; path = Assets.xcassets; sourceTree = "<group>"; };
		E5FCE08D2B14A13B002F86CB /* Preview Assets.xcassets */ = {isa = PBXFileReference; lastKnownFileType = folder.assetcatalog; path = "Preview Assets.xcassets"; sourceTree = "<group>"; };
		E5FCE0932B14A13B002F86CB /* SplitBetterThanWiseTests.xctest */ = {isa = PBXFileReference; explicitFileType = wrapper.cfbundle; includeInIndex = 0; path = SplitBetterThanWiseTests.xctest; sourceTree = BUILT_PRODUCTS_DIR; };
		E5FCE0972B14A13B002F86CB /* SplitBetterThanWiseTests.swift */ = {isa = PBXFileReference; lastKnownFileType = sourcecode.swift; path = SplitBetterThanWiseTests.swift; sourceTree = "<group>"; };
		E5FCE09D2B14A13B002F86CB /* SplitBetterThanWiseUITests.xctest */ = {isa = PBXFileReference; explicitFileType = wrapper.cfbundle; includeInIndex = 0; path = SplitBetterThanWiseUITests.xctest; sourceTree = BUILT_PRODUCTS_DIR; };
		E5FCE0A12B14A13B002F86CB /* SplitBetterThanWiseUITests.swift */ = {isa = PBXFileReference; lastKnownFileType = sourcecode.swift; path = SplitBetterThanWiseUITests.swift; sourceTree = "<group>"; };
		E5FCE0A32B14A13B002F86CB /* SplitBetterThanWiseUITestsLaunchTests.swift */ = {isa = PBXFileReference; lastKnownFileType = sourcecode.swift; path = SplitBetterThanWiseUITestsLaunchTests.swift; sourceTree = "<group>"; };
/* End PBXFileReference section */

/* Begin PBXFrameworksBuildPhase section */
		E5FCE0802B14A139002F86CB /* Frameworks */ = {
			isa = PBXFrameworksBuildPhase;
			buildActionMask = 2147483647;
			files = (
			);
			runOnlyForDeploymentPostprocessing = 0;
		};
		E5FCE0902B14A13B002F86CB /* Frameworks */ = {
			isa = PBXFrameworksBuildPhase;
			buildActionMask = 2147483647;
			files = (
			);
			runOnlyForDeploymentPostprocessing = 0;
		};
		E5FCE09A2B14A13B002F86CB /* Frameworks */ = {
			isa = PBXFrameworksBuildPhase;
			buildActionMask = 2147483647;
			files = (
			);
			runOnlyForDeploymentPostprocessing = 0;
		};
/* End PBXFrameworksBuildPhase section */

/* Begin PBXGroup section */
		E5FCE07A2B14A139002F86CB = {
			isa = PBXGroup;
			children = (
				E5FCE0852B14A139002F86CB /* SplitBetterThanWise */,
				E5FCE0962B14A13B002F86CB /* SplitBetterThanWiseTests */,
				E5FCE0A02B14A13B002F86CB /* SplitBetterThanWiseUITests */,
				E5FCE0842B14A139002F86CB /* Products */,
			);
			sourceTree = "<group>";
		};
		E5FCE0842B14A139002F86CB /* Products */ = {
			isa = PBXGroup;
			children = (
				E5FCE0832B14A139002F86CB /* SplitBetterThanWise.app */,
				E5FCE0932B14A13B002F86CB /* SplitBetterThanWiseTests.xctest */,
				E5FCE09D2B14A13B002F86CB /* SplitBetterThanWiseUITests.xctest */,
			);
			name = Products;
			sourceTree = "<group>";
		};
		E5FCE0852B14A139002F86CB /* SplitBetterThanWise */ = {
			isa = PBXGroup;
			children = (
				E5FCE0862B14A139002F86CB /* SplitBetterThanWiseApp.swift */,
				E5FCE0882B14A139002F86CB /* ContentView.swift */,
				E5FCE08A2B14A13B002F86CB /* Assets.xcassets */,
				E5FCE08C2B14A13B002F86CB /* Preview Content */,
			);
			path = SplitBetterThanWise;
			sourceTree = "<group>";
		};
		E5FCE08C2B14A13B002F86CB /* Preview Content */ = {
			isa = PBXGroup;
			children = (
				E5FCE08D2B14A13B002F86CB /* Preview Assets.xcassets */,
			);
			path = "Preview Content";
			sourceTree = "<group>";
		};
		E5FCE0962B14A13B002F86CB /* SplitBetterThanWiseTests */ = {
			isa = PBXGroup;
			children = (
				E5FCE0972B14A13B002F86CB /* SplitBetterThanWiseTests.swift */,
			);
			path = SplitBetterThanWiseTests;
			sourceTree = "<group>";
		};
		E5FCE0A02B14A13B002F86CB /* SplitBetterThanWiseUITests */ = {
			isa = PBXGroup;
			children = (
				E5FCE0A12B14A13B002F86CB /* SplitBetterThanWiseUITests.swift */,
				E5FCE0A32B14A13B002F86CB /* SplitBetterThanWiseUITestsLaunchTests.swift */,
			);
			path = SplitBetterThanWiseUITests;
			sourceTree = "<group>";
		};
/* End PBXGroup section */

/* Begin PBXNativeTarget section */
		E5FCE0822B14A139002F86CB /* SplitBetterThanWise */ = {
			isa = PBXNativeTarget;
			buildConfigurationList = E5FCE0A72B14A13B002F86CB /* Build configuration list for PBXNativeTarget "SplitBetterThanWise" */;
			buildPhases = (
				E5FCE07F2B14A139002F86CB /* Sources */,
				E5FCE0802B14A139002F86CB /* Frameworks */,
				E5FCE0812B14A139002F86CB /* Resources */,
			);
			buildRules = (
			);
			dependencies = (
			);
			name = SplitBetterThanWise;
			productName = SplitBetterThanWise;
			productReference = E5FCE0832B14A139002F86CB /* SplitBetterThanWise.app */;
			productType = "com.apple.product-type.application";
		};
		E5FCE0922B14A13B002F86CB /* SplitBetterThanWiseTests */ = {
			isa = PBXNativeTarget;
			buildConfigurationList = E5FCE0AA2B14A13B002F86CB /* Build configuration list for PBXNativeTarget "SplitBetterThanWiseTests" */;
			buildPhases = (
				E5FCE08F2B14A13B002F86CB /* Sources */,
				E5FCE0902B14A13B002F86CB /* Frameworks */,
				E5FCE0912B14A13B002F86CB /* Resources */,
			);
			buildRules = (
			);
			dependencies = (
				E5FCE0952B14A13B002F86CB /* PBXTargetDependency */,
			);
			name = SplitBetterThanWiseTests;
			productName = SplitBetterThanWiseTests;
			productReference = E5FCE0932B14A13B002F86CB /* SplitBetterThanWiseTests.xctest */;
			productType = "com.apple.product-type.bundle.unit-test";
		};
		E5FCE09C2B14A13B002F86CB /* SplitBetterThanWiseUITests */ = {
			isa = PBXNativeTarget;
			buildConfigurationList = E5FCE0AD2B14A13B002F86CB /* Build configuration list for PBXNativeTarget "SplitBetterThanWiseUITests" */;
			buildPhases = (
				E5FCE0992B14A13B002F86CB /* Sources */,
				E5FCE09A2B14A13B002F86CB /* Frameworks */,
				E5FCE09B2B14A13B002F86CB /* Resources */,
			);
			buildRules = (
			);
			dependencies = (
				E5FCE09F2B14A13B002F86CB /* PBXTargetDependency */,
			);
			name = SplitBetterThanWiseUITests;
			productName = SplitBetterThanWiseUITests;
			productReference = E5FCE09D2B14A13B002F86CB /* SplitBetterThanWiseUITests.xctest */;
			productType = "com.apple.product-type.bundle.ui-testing";
		};
/* End PBXNativeTarget section */

/* Begin PBXProject section */
		E5FCE07B2B14A139002F86CB /* Project object */ = {
			isa = PBXProject;
			attributes = {
				BuildIndependentTargetsInParallel = 1;
				LastSwiftUpdateCheck = 1500;
				LastUpgradeCheck = 1500;
				TargetAttributes = {
					E5FCE0822B14A139002F86CB = {
						CreatedOnToolsVersion = 15.0.1;
					};
					E5FCE0922B14A13B002F86CB = {
						CreatedOnToolsVersion = 15.0.1;
						TestTargetID = E5FCE0822B14A139002F86CB;
					};
					E5FCE09C2B14A13B002F86CB = {
						CreatedOnToolsVersion = 15.0.1;
						TestTargetID = E5FCE0822B14A139002F86CB;
					};
				};
			};
			buildConfigurationList = E5FCE07E2B14A139002F86CB /* Build configuration list for PBXProject "SplitBetterThanWise" */;
			compatibilityVersion = "Xcode 14.0";
			developmentRegion = en;
			hasScannedForEncodings = 0;
			knownRegions = (
				en,
				Base,
			);
			mainGroup = E5FCE07A2B14A139002F86CB;
			productRefGroup = E5FCE0842B14A139002F86CB /* Products */;
			projectDirPath = "";
			projectRoot = "";
			targets = (
				E5FCE0822B14A139002F86CB /* SplitBetterThanWise */,
				E5FCE0922B14A13B002F86CB /* SplitBetterThanWiseTests */,
				E5FCE09C2B14A13B002F86CB /* SplitBetterThanWiseUITests */,
			);
		};
/* End PBXProject section */

/* Begin PBXResourcesBuildPhase section */
		E5FCE0812B14A139002F86CB /* Resources */ = {
			isa = PBXResourcesBuildPhase;
			buildActionMask = 2147483647;
			files = (
				E5FCE08E2B14A13B002F86CB /* Preview Assets.xcassets in Resources */,
				E5FCE08B2B14A13B002F86CB /* Assets.xcassets in Resources */,
			);
			runOnlyForDeploymentPostprocessing = 0;
		};
		E5FCE0912B14A13B002F86CB /* Resources */ = {
			isa = PBXResourcesBuildPhase;
			buildActionMask = 2147483647;
			files = (
			);
			runOnlyForDeploymentPostprocessing = 0;
		};
		E5FCE09B2B14A13B002F86CB /* Resources */ = {
			isa = PBXResourcesBuildPhase;
			buildActionMask = 2147483647;
			files = (
			);
			runOnlyForDeploymentPostprocessing = 0;
		};
/* End PBXResourcesBuildPhase section */

/* Begin PBXSourcesBuildPhase section */
		E5FCE07F2B14A139002F86CB /* Sources */ = {
			isa = PBXSourcesBuildPhase;
			buildActionMask = 2147483647;
			files = (
				E5FCE0892B14A139002F86CB /* ContentView.swift in Sources */,
				E5FCE0872B14A139002F86CB /* SplitBetterThanWiseApp.swift in Sources */,
			);
			runOnlyForDeploymentPostprocessing = 0;
		};
		E5FCE08F2B14A13B002F86CB /* Sources */ = {
			isa = PBXSourcesBuildPhase;
			buildActionMask = 2147483647;
			files = (
				E5FCE0982B14A13B002F86CB /* SplitBetterThanWiseTests.swift in Sources */,
			);
			runOnlyForDeploymentPostprocessing = 0;
		};
		E5FCE0992B14A13B002F86CB /* Sources */ = {
			isa = PBXSourcesBuildPhase;
			buildActionMask = 2147483647;
			files = (
				E5FCE0A42B14A13B002F86CB /* SplitBetterThanWiseUITestsLaunchTests.swift in Sources */,
				E5FCE0A22B14A13B002F86CB /* SplitBetterThanWiseUITests.swift in Sources */,
			);
			runOnlyForDeploymentPostprocessing = 0;
		};
/* End PBXSourcesBuildPhase section */

/* Begin PBXTargetDependency section */
		E5FCE0952B14A13B002F86CB /* PBXTargetDependency */ = {
			isa = PBXTargetDependency;
			target = E5FCE0822B14A139002F86CB /* SplitBetterThanWise */;
			targetProxy = E5FCE0942B14A13B002F86CB /* PBXContainerItemProxy */;
		};
		E5FCE09F2B14A13B002F86CB /* PBXTargetDependency */ = {
			isa = PBXTargetDependency;
			target = E5FCE0822B14A139002F86CB /* SplitBetterThanWise */;
			targetProxy = E5FCE09E2B14A13B002F86CB /* PBXContainerItemProxy */;
		};
/* End PBXTargetDependency section */

/* Begin XCBuildConfiguration section */
		E5FCE0A52B14A13B002F86CB /* Debug */ = {
			isa = XCBuildConfiguration;
			buildSettings = {
				ALWAYS_SEARCH_USER_PATHS = NO;
				ASSETCATALOG_COMPILER_GENERATE_SWIFT_ASSET_SYMBOL_EXTENSIONS = YES;
				CLANG_ANALYZER_NONNULL = YES;
				CLANG_ANALYZER_NUMBER_OBJECT_CONVERSION = YES_AGGRESSIVE;
				CLANG_CXX_LANGUAGE_STANDARD = "gnu++20";
				CLANG_ENABLE_MODULES = YES;
				CLANG_ENABLE_OBJC_ARC = YES;
				CLANG_ENABLE_OBJC_WEAK = YES;
				CLANG_WARN_BLOCK_CAPTURE_AUTORELEASING = YES;
				CLANG_WARN_BOOL_CONVERSION = YES;
				CLANG_WARN_COMMA = YES;
				CLANG_WARN_CONSTANT_CONVERSION = YES;
				CLANG_WARN_DEPRECATED_OBJC_IMPLEMENTATIONS = YES;
				CLANG_WARN_DIRECT_OBJC_ISA_USAGE = YES_ERROR;
				CLANG_WARN_DOCUMENTATION_COMMENTS = YES;
				CLANG_WARN_EMPTY_BODY = YES;
				CLANG_WARN_ENUM_CONVERSION = YES;
				CLANG_WARN_INFINITE_RECURSION = YES;
				CLANG_WARN_INT_CONVERSION = YES;
				CLANG_WARN_NON_LITERAL_NULL_CONVERSION = YES;
				CLANG_WARN_OBJC_IMPLICIT_RETAIN_SELF = YES;
				CLANG_WARN_OBJC_LITERAL_CONVERSION = YES;
				CLANG_WARN_OBJC_ROOT_CLASS = YES_ERROR;
				CLANG_WARN_QUOTED_INCLUDE_IN_FRAMEWORK_HEADER = YES;
				CLANG_WARN_RANGE_LOOP_ANALYSIS = YES;
				CLANG_WARN_STRICT_PROTOTYPES = YES;
				CLANG_WARN_SUSPICIOUS_MOVE = YES;
				CLANG_WARN_UNGUARDED_AVAILABILITY = YES_AGGRESSIVE;
				CLANG_WARN_UNREACHABLE_CODE = YES;
				CLANG_WARN__DUPLICATE_METHOD_MATCH = YES;
				COPY_PHASE_STRIP = NO;
				DEBUG_INFORMATION_FORMAT = dwarf;
				ENABLE_STRICT_OBJC_MSGSEND = YES;
				ENABLE_TESTABILITY = YES;
				ENABLE_USER_SCRIPT_SANDBOXING = YES;
				GCC_C_LANGUAGE_STANDARD = gnu17;
				GCC_DYNAMIC_NO_PIC = NO;
				GCC_NO_COMMON_BLOCKS = YES;
				GCC_OPTIMIZATION_LEVEL = 0;
				GCC_PREPROCESSOR_DEFINITIONS = (
					"DEBUG=1",
					"$(inherited)",
				);
				GCC_WARN_64_TO_32_BIT_CONVERSION = YES;
				GCC_WARN_ABOUT_RETURN_TYPE = YES_ERROR;
				GCC_WARN_UNDECLARED_SELECTOR = YES;
				GCC_WARN_UNINITIALIZED_AUTOS = YES_AGGRESSIVE;
				GCC_WARN_UNUSED_FUNCTION = YES;
				GCC_WARN_UNUSED_VARIABLE = YES;
				IPHONEOS_DEPLOYMENT_TARGET = 17.0;
				LOCALIZATION_PREFERS_STRING_CATALOGS = YES;
				MTL_ENABLE_DEBUG_INFO = INCLUDE_SOURCE;
				MTL_FAST_MATH = YES;
				ONLY_ACTIVE_ARCH = YES;
				SDKROOT = iphoneos;
				SWIFT_ACTIVE_COMPILATION_CONDITIONS = "DEBUG $(inherited)";
				SWIFT_OPTIMIZATION_LEVEL = "-Onone";
			};
			name = Debug;
		};
		E5FCE0A62B14A13B002F86CB /* Release */ = {
			isa = XCBuildConfiguration;
			buildSettings = {
				ALWAYS_SEARCH_USER_PATHS = NO;
				ASSETCATALOG_COMPILER_GENERATE_SWIFT_ASSET_SYMBOL_EXTENSIONS = YES;
				CLANG_ANALYZER_NONNULL = YES;
				CLANG_ANALYZER_NUMBER_OBJECT_CONVERSION = YES_AGGRESSIVE;
				CLANG_CXX_LANGUAGE_STANDARD = "gnu++20";
				CLANG_ENABLE_MODULES = YES;
				CLANG_ENABLE_OBJC_ARC = YES;
				CLANG_ENABLE_OBJC_WEAK = YES;
				CLANG_WARN_BLOCK_CAPTURE_AUTORELEASING = YES;
				CLANG_WARN_BOOL_CONVERSION = YES;
				CLANG_WARN_COMMA = YES;
				CLANG_WARN_CONSTANT_CONVERSION = YES;
				CLANG_WARN_DEPRECATED_OBJC_IMPLEMENTATIONS = YES;
				CLANG_WARN_DIRECT_OBJC_ISA_USAGE = YES_ERROR;
				CLANG_WARN_DOCUMENTATION_COMMENTS = YES;
				CLANG_WARN_EMPTY_BODY = YES;
				CLANG_WARN_ENUM_CONVERSION = YES;
				CLANG_WARN_INFINITE_RECURSION = YES;
				CLANG_WARN_INT_CONVERSION = YES;
				CLANG_WARN_NON_LITERAL_NULL_CONVERSION = YES;
				CLANG_WARN_OBJC_IMPLICIT_RETAIN_SELF = YES;
				CLANG_WARN_OBJC_LITERAL_CONVERSION = YES;
				CLANG_WARN_OBJC_ROOT_CLASS = YES_ERROR;
				CLANG_WARN_QUOTED_INCLUDE_IN_FRAMEWORK_HEADER = YES;
				CLANG_WARN_RANGE_LOOP_ANALYSIS = YES;
				CLANG_WARN_STRICT_PROTOTYPES = YES;
				CLANG_WARN_SUSPICIOUS_MOVE = YES;
				CLANG_WARN_UNGUARDED_AVAILABILITY = YES_AGGRESSIVE;
				CLANG_WARN_UNREACHABLE_CODE = YES;
				CLANG_WARN__DUPLICATE_METHOD_MATCH = YES;
				COPY_PHASE_STRIP = NO;
				DEBUG_INFORMATION_FORMAT = "dwarf-with-dsym";
				ENABLE_NS_ASSERTIONS = NO;
				ENABLE_STRICT_OBJC_MSGSEND = YES;
				ENABLE_USER_SCRIPT_SANDBOXING = YES;
				GCC_C_LANGUAGE_STANDARD = gnu17;
				GCC_NO_COMMON_BLOCKS = YES;
				GCC_WARN_64_TO_32_BIT_CONVERSION = YES;
				GCC_WARN_ABOUT_RETURN_TYPE = YES_ERROR;
				GCC_WARN_UNDECLARED_SELECTOR = YES;
				GCC_WARN_UNINITIALIZED_AUTOS = YES_AGGRESSIVE;
				GCC_WARN_UNUSED_FUNCTION = YES;
				GCC_WARN_UNUSED_VARIABLE = YES;
				IPHONEOS_DEPLOYMENT_TARGET = 17.0;
				LOCALIZATION_PREFERS_STRING_CATALOGS = YES;
				MTL_ENABLE_DEBUG_INFO = NO;
				MTL_FAST_MATH = YES;
				SDKROOT = iphoneos;
				SWIFT_COMPILATION_MODE = wholemodule;
				VALIDATE_PRODUCT = YES;
			};
			name = Release;
		};
		E5FCE0A82B14A13B002F86CB /* Debug */ = {
			isa = XCBuildConfiguration;
			buildSettings = {
				ASSETCATALOG_COMPILER_APPICON_NAME = AppIcon;
				ASSETCATALOG_COMPILER_GLOBAL_ACCENT_COLOR_NAME = AccentColor;
				CODE_SIGN_STYLE = Automatic;
				CURRENT_PROJECT_VERSION = 1;
				DEVELOPMENT_ASSET_PATHS = "\"SplitBetterThanWise/Preview Content\"";
				ENABLE_PREVIEWS = YES;
				GENERATE_INFOPLIST_FILE = YES;
				INFOPLIST_KEY_UIApplicationSceneManifest_Generation = YES;
				INFOPLIST_KEY_UIApplicationSupportsIndirectInputEvents = YES;
				INFOPLIST_KEY_UILaunchScreen_Generation = YES;
				INFOPLIST_KEY_UISupportedInterfaceOrientations_iPad = "UIInterfaceOrientationPortrait UIInterfaceOrientationPortraitUpsideDown UIInterfaceOrientationLandscapeLeft UIInterfaceOrientationLandscapeRight";
				INFOPLIST_KEY_UISupportedInterfaceOrientations_iPhone = "UIInterfaceOrientationPortrait UIInterfaceOrientationLandscapeLeft UIInterfaceOrientationLandscapeRight";
				LD_RUNPATH_SEARCH_PATHS = (
					"$(inherited)",
					"@executable_path/Frameworks",
				);
				MARKETING_VERSION = 1.0;
				PRODUCT_BUNDLE_IDENTIFIER = ttcompany.SplitBetterThanWise;
				PRODUCT_NAME = "$(TARGET_NAME)";
				SWIFT_EMIT_LOC_STRINGS = YES;
				SWIFT_VERSION = 5.0;
				TARGETED_DEVICE_FAMILY = "1,2";
			};
			name = Debug;
		};
		E5FCE0A92B14A13B002F86CB /* Release */ = {
			isa = XCBuildConfiguration;
			buildSettings = {
				ASSETCATALOG_COMPILER_APPICON_NAME = AppIcon;
				ASSETCATALOG_COMPILER_GLOBAL_ACCENT_COLOR_NAME = AccentColor;
				CODE_SIGN_STYLE = Automatic;
				CURRENT_PROJECT_VERSION = 1;
				DEVELOPMENT_ASSET_PATHS = "\"SplitBetterThanWise/Preview Content\"";
				ENABLE_PREVIEWS = YES;
				GENERATE_INFOPLIST_FILE = YES;
				INFOPLIST_KEY_UIApplicationSceneManifest_Generation = YES;
				INFOPLIST_KEY_UIApplicationSupportsIndirectInputEvents = YES;
				INFOPLIST_KEY_UILaunchScreen_Generation = YES;
				INFOPLIST_KEY_UISupportedInterfaceOrientations_iPad = "UIInterfaceOrientationPortrait UIInterfaceOrientationPortraitUpsideDown UIInterfaceOrientationLandscapeLeft UIInterfaceOrientationLandscapeRight";
				INFOPLIST_KEY_UISupportedInterfaceOrientations_iPhone = "UIInterfaceOrientationPortrait UIInterfaceOrientationLandscapeLeft UIInterfaceOrientationLandscapeRight";
				LD_RUNPATH_SEARCH_PATHS = (
					"$(inherited)",
					"@executable_path/Frameworks",
				);
				MARKETING_VERSION = 1.0;
				PRODUCT_BUNDLE_IDENTIFIER = ttcompany.SplitBetterThanWise;
				PRODUCT_NAME = "$(TARGET_NAME)";
				SWIFT_EMIT_LOC_STRINGS = YES;
				SWIFT_VERSION = 5.0;
				TARGETED_DEVICE_FAMILY = "1,2";
			};
			name = Release;
		};
		E5FCE0AB2B14A13B002F86CB /* Debug */ = {
			isa = XCBuildConfiguration;
			buildSettings = {
				ALWAYS_EMBED_SWIFT_STANDARD_LIBRARIES = YES;
				BUNDLE_LOADER = "$(TEST_HOST)";
				CODE_SIGN_STYLE = Automatic;
				CURRENT_PROJECT_VERSION = 1;
				GENERATE_INFOPLIST_FILE = YES;
				IPHONEOS_DEPLOYMENT_TARGET = 17.0;
				MARKETING_VERSION = 1.0;
				PRODUCT_BUNDLE_IDENTIFIER = ttcompany.SplitBetterThanWiseTests;
				PRODUCT_NAME = "$(TARGET_NAME)";
				SWIFT_EMIT_LOC_STRINGS = NO;
				SWIFT_VERSION = 5.0;
				TARGETED_DEVICE_FAMILY = "1,2";
				TEST_HOST = "$(BUILT_PRODUCTS_DIR)/SplitBetterThanWise.app/$(BUNDLE_EXECUTABLE_FOLDER_PATH)/SplitBetterThanWise";
			};
			name = Debug;
		};
		E5FCE0AC2B14A13B002F86CB /* Release */ = {
			isa = XCBuildConfiguration;
			buildSettings = {
				ALWAYS_EMBED_SWIFT_STANDARD_LIBRARIES = YES;
				BUNDLE_LOADER = "$(TEST_HOST)";
				CODE_SIGN_STYLE = Automatic;
				CURRENT_PROJECT_VERSION = 1;
				GENERATE_INFOPLIST_FILE = YES;
				IPHONEOS_DEPLOYMENT_TARGET = 17.0;
				MARKETING_VERSION = 1.0;
				PRODUCT_BUNDLE_IDENTIFIER = ttcompany.SplitBetterThanWiseTests;
				PRODUCT_NAME = "$(TARGET_NAME)";
				SWIFT_EMIT_LOC_STRINGS = NO;
				SWIFT_VERSION = 5.0;
				TARGETED_DEVICE_FAMILY = "1,2";
				TEST_HOST = "$(BUILT_PRODUCTS_DIR)/SplitBetterThanWise.app/$(BUNDLE_EXECUTABLE_FOLDER_PATH)/SplitBetterThanWise";
			};
			name = Release;
		};
		E5FCE0AE2B14A13B002F86CB /* Debug */ = {
			isa = XCBuildConfiguration;
			buildSettings = {
				ALWAYS_EMBED_SWIFT_STANDARD_LIBRARIES = YES;
				CODE_SIGN_STYLE = Automatic;
				CURRENT_PROJECT_VERSION = 1;
				GENERATE_INFOPLIST_FILE = YES;
				MARKETING_VERSION = 1.0;
				PRODUCT_BUNDLE_IDENTIFIER = ttcompany.SplitBetterThanWiseUITests;
				PRODUCT_NAME = "$(TARGET_NAME)";
				SWIFT_EMIT_LOC_STRINGS = NO;
				SWIFT_VERSION = 5.0;
				TARGETED_DEVICE_FAMILY = "1,2";
				TEST_TARGET_NAME = SplitBetterThanWise;
			};
			name = Debug;
		};
		E5FCE0AF2B14A13B002F86CB /* Release */ = {
			isa = XCBuildConfiguration;
			buildSettings = {
				ALWAYS_EMBED_SWIFT_STANDARD_LIBRARIES = YES;
				CODE_SIGN_STYLE = Automatic;
				CURRENT_PROJECT_VERSION = 1;
				GENERATE_INFOPLIST_FILE = YES;
				MARKETING_VERSION = 1.0;
				PRODUCT_BUNDLE_IDENTIFIER = ttcompany.SplitBetterThanWiseUITests;
				PRODUCT_NAME = "$(TARGET_NAME)";
				SWIFT_EMIT_LOC_STRINGS = NO;
				SWIFT_VERSION = 5.0;
				TARGETED_DEVICE_FAMILY = "1,2";
				TEST_TARGET_NAME = SplitBetterThanWise;
			};
			name = Release;
		};
/* End XCBuildConfiguration section */

/* Begin XCConfigurationList section */
		E5FCE07E2B14A139002F86CB /* Build configuration list for PBXProject "SplitBetterThanWise" */ = {
			isa = XCConfigurationList;
			buildConfigurations = (
				E5FCE0A52B14A13B002F86CB /* Debug */,
				E5FCE0A62B14A13B002F86CB /* Release */,
			);
			defaultConfigurationIsVisible = 0;
			defaultConfigurationName = Release;
		};
		E5FCE0A72B14A13B002F86CB /* Build configuration list for PBXNativeTarget "SplitBetterThanWise" */ = {
			isa = XCConfigurationList;
			buildConfigurations = (
				E5FCE0A82B14A13B002F86CB /* Debug */,
				E5FCE0A92B14A13B002F86CB /* Release */,
			);
			defaultConfigurationIsVisible = 0;
			defaultConfigurationName = Release;
		};
		E5FCE0AA2B14A13B002F86CB /* Build configuration list for PBXNativeTarget "SplitBetterThanWiseTests" */ = {
			isa = XCConfigurationList;
			buildConfigurations = (
				E5FCE0AB2B14A13B002F86CB /* Debug */,
				E5FCE0AC2B14A13B002F86CB /* Release */,
			);
			defaultConfigurationIsVisible = 0;
			defaultConfigurationName = Release;
		};
		E5FCE0AD2B14A13B002F86CB /* Build configuration list for PBXNativeTarget "SplitBetterThanWiseUITests" */ = {
			isa = XCConfigurationList;
			buildConfigurations = (
				E5FCE0AE2B14A13B002F86CB /* Debug */,
				E5FCE0AF2B14A13B002F86CB /* Release */,
			);
			defaultConfigurationIsVisible = 0;
			defaultConfigurationName = Release;
		};
/* End XCConfigurationList section */
	};
	rootObject = E5FCE07B2B14A139002F86CB /* Project object */;
}
